// !$*UTF8*$!
{
	archiveVersion = 1;
	classes = {
	};
	objectVersion = 56;
	objects = {

/* Begin PBXBuildFile section */
		BD48DFAD2A72A914004EABC9 /* SC_personal_appApp.swift in Sources */ = {isa = PBXBuildFile; fileRef = BD48DFAC2A72A914004EABC9 /* SC_personal_appApp.swift */; };
		BD48DFAF2A72A914004EABC9 /* ContentView.swift in Sources */ = {isa = PBXBuildFile; fileRef = BD48DFAE2A72A914004EABC9 /* ContentView.swift */; };
		BD48DFB12A72A915004EABC9 /* Assets.xcassets in Resources */ = {isa = PBXBuildFile; fileRef = BD48DFB02A72A915004EABC9 /* Assets.xcassets */; };
		BD48DFB52A72A915004EABC9 /* Preview Assets.xcassets in Resources */ = {isa = PBXBuildFile; fileRef = BD48DFB42A72A915004EABC9 /* Preview Assets.xcassets */; };
		BD48DFBF2A72A915004EABC9 /* SC_personal_appTests.swift in Sources */ = {isa = PBXBuildFile; fileRef = BD48DFBE2A72A915004EABC9 /* SC_personal_appTests.swift */; };
		BD48DFC92A72A915004EABC9 /* SC_personal_appUITests.swift in Sources */ = {isa = PBXBuildFile; fileRef = BD48DFC82A72A915004EABC9 /* SC_personal_appUITests.swift */; };
		BD48DFCB2A72A915004EABC9 /* SC_personal_appUITestsLaunchTests.swift in Sources */ = {isa = PBXBuildFile; fileRef = BD48DFCA2A72A915004EABC9 /* SC_personal_appUITestsLaunchTests.swift */; };
/* End PBXBuildFile section */

/* Begin PBXContainerItemProxy section */
		BD48DFBB2A72A915004EABC9 /* PBXContainerItemProxy */ = {
			isa = PBXContainerItemProxy;
			containerPortal = BD48DFA12A72A914004EABC9 /* Project object */;
			proxyType = 1;
			remoteGlobalIDString = BD48DFA82A72A914004EABC9;
			remoteInfo = SC_personal_app;
		};
		BD48DFC52A72A915004EABC9 /* PBXContainerItemProxy */ = {
			isa = PBXContainerItemProxy;
			containerPortal = BD48DFA12A72A914004EABC9 /* Project object */;
			proxyType = 1;
			remoteGlobalIDString = BD48DFA82A72A914004EABC9;
			remoteInfo = SC_personal_app;
		};
/* End PBXContainerItemProxy section */

/* Begin PBXFileReference section */
		BD48DFA92A72A914004EABC9 /* SC_personal_app.app */ = {isa = PBXFileReference; explicitFileType = wrapper.application; includeInIndex = 0; path = SC_personal_app.app; sourceTree = BUILT_PRODUCTS_DIR; };
		BD48DFAC2A72A914004EABC9 /* SC_personal_appApp.swift */ = {isa = PBXFileReference; lastKnownFileType = sourcecode.swift; path = SC_personal_appApp.swift; sourceTree = "<group>"; };
		BD48DFAE2A72A914004EABC9 /* ContentView.swift */ = {isa = PBXFileReference; lastKnownFileType = sourcecode.swift; path = ContentView.swift; sourceTree = "<group>"; };
		BD48DFB02A72A915004EABC9 /* Assets.xcassets */ = {isa = PBXFileReference; lastKnownFileType = folder.assetcatalog; path = Assets.xcassets; sourceTree = "<group>"; };
		BD48DFB22A72A915004EABC9 /* SC_personal_app.entitlements */ = {isa = PBXFileReference; lastKnownFileType = text.plist.entitlements; path = SC_personal_app.entitlements; sourceTree = "<group>"; };
		BD48DFB42A72A915004EABC9 /* Preview Assets.xcassets */ = {isa = PBXFileReference; lastKnownFileType = folder.assetcatalog; path = "Preview Assets.xcassets"; sourceTree = "<group>"; };
		BD48DFBA2A72A915004EABC9 /* SC_personal_appTests.xctest */ = {isa = PBXFileReference; explicitFileType = wrapper.cfbundle; includeInIndex = 0; path = SC_personal_appTests.xctest; sourceTree = BUILT_PRODUCTS_DIR; };
		BD48DFBE2A72A915004EABC9 /* SC_personal_appTests.swift */ = {isa = PBXFileReference; lastKnownFileType = sourcecode.swift; path = SC_personal_appTests.swift; sourceTree = "<group>"; };
		BD48DFC42A72A915004EABC9 /* SC_personal_appUITests.xctest */ = {isa = PBXFileReference; explicitFileType = wrapper.cfbundle; includeInIndex = 0; path = SC_personal_appUITests.xctest; sourceTree = BUILT_PRODUCTS_DIR; };
		BD48DFC82A72A915004EABC9 /* SC_personal_appUITests.swift */ = {isa = PBXFileReference; lastKnownFileType = sourcecode.swift; path = SC_personal_appUITests.swift; sourceTree = "<group>"; };
		BD48DFCA2A72A915004EABC9 /* SC_personal_appUITestsLaunchTests.swift */ = {isa = PBXFileReference; lastKnownFileType = sourcecode.swift; path = SC_personal_appUITestsLaunchTests.swift; sourceTree = "<group>"; };
/* End PBXFileReference section */

/* Begin PBXFrameworksBuildPhase section */
		BD48DFA62A72A914004EABC9 /* Frameworks */ = {
			isa = PBXFrameworksBuildPhase;
			buildActionMask = 2147483647;
			files = (
			);
			runOnlyForDeploymentPostprocessing = 0;
		};
		BD48DFB72A72A915004EABC9 /* Frameworks */ = {
			isa = PBXFrameworksBuildPhase;
			buildActionMask = 2147483647;
			files = (
			);
			runOnlyForDeploymentPostprocessing = 0;
		};
		BD48DFC12A72A915004EABC9 /* Frameworks */ = {
			isa = PBXFrameworksBuildPhase;
			buildActionMask = 2147483647;
			files = (
			);
			runOnlyForDeploymentPostprocessing = 0;
		};
/* End PBXFrameworksBuildPhase section */

/* Begin PBXGroup section */
		BD48DFA02A72A914004EABC9 = {
			isa = PBXGroup;
			children = (
				BD48DFAB2A72A914004EABC9 /* SC_personal_app */,
				BD48DFBD2A72A915004EABC9 /* SC_personal_appTests */,
				BD48DFC72A72A915004EABC9 /* SC_personal_appUITests */,
				BD48DFAA2A72A914004EABC9 /* Products */,
			);
			sourceTree = "<group>";
		};
		BD48DFAA2A72A914004EABC9 /* Products */ = {
			isa = PBXGroup;
			children = (
				BD48DFA92A72A914004EABC9 /* SC_personal_app.app */,
				BD48DFBA2A72A915004EABC9 /* SC_personal_appTests.xctest */,
				BD48DFC42A72A915004EABC9 /* SC_personal_appUITests.xctest */,
			);
			name = Products;
			sourceTree = "<group>";
		};
		BD48DFAB2A72A914004EABC9 /* SC_personal_app */ = {
			isa = PBXGroup;
			children = (
				BD48DFAC2A72A914004EABC9 /* SC_personal_appApp.swift */,
				BD48DFAE2A72A914004EABC9 /* ContentView.swift */,
				BD48DFB02A72A915004EABC9 /* Assets.xcassets */,
				BD48DFB22A72A915004EABC9 /* SC_personal_app.entitlements */,
				BD48DFB32A72A915004EABC9 /* Preview Content */,
			);
			path = SC_personal_app;
			sourceTree = "<group>";
		};
		BD48DFB32A72A915004EABC9 /* Preview Content */ = {
			isa = PBXGroup;
			children = (
				BD48DFB42A72A915004EABC9 /* Preview Assets.xcassets */,
			);
			path = "Preview Content";
			sourceTree = "<group>";
		};
		BD48DFBD2A72A915004EABC9 /* SC_personal_appTests */ = {
			isa = PBXGroup;
			children = (
				BD48DFBE2A72A915004EABC9 /* SC_personal_appTests.swift */,
			);
			path = SC_personal_appTests;
			sourceTree = "<group>";
		};
		BD48DFC72A72A915004EABC9 /* SC_personal_appUITests */ = {
			isa = PBXGroup;
			children = (
				BD48DFC82A72A915004EABC9 /* SC_personal_appUITests.swift */,
				BD48DFCA2A72A915004EABC9 /* SC_personal_appUITestsLaunchTests.swift */,
			);
			path = SC_personal_appUITests;
			sourceTree = "<group>";
		};
/* End PBXGroup section */

/* Begin PBXNativeTarget section */
		BD48DFA82A72A914004EABC9 /* SC_personal_app */ = {
			isa = PBXNativeTarget;
			buildConfigurationList = BD48DFCE2A72A915004EABC9 /* Build configuration list for PBXNativeTarget "SC_personal_app" */;
			buildPhases = (
				BD48DFA52A72A914004EABC9 /* Sources */,
				BD48DFA62A72A914004EABC9 /* Frameworks */,
				BD48DFA72A72A914004EABC9 /* Resources */,
			);
			buildRules = (
			);
			dependencies = (
			);
			name = SC_personal_app;
			productName = SC_personal_app;
			productReference = BD48DFA92A72A914004EABC9 /* SC_personal_app.app */;
			productType = "com.apple.product-type.application";
		};
		BD48DFB92A72A915004EABC9 /* SC_personal_appTests */ = {
			isa = PBXNativeTarget;
			buildConfigurationList = BD48DFD12A72A915004EABC9 /* Build configuration list for PBXNativeTarget "SC_personal_appTests" */;
			buildPhases = (
				BD48DFB62A72A915004EABC9 /* Sources */,
				BD48DFB72A72A915004EABC9 /* Frameworks */,
				BD48DFB82A72A915004EABC9 /* Resources */,
			);
			buildRules = (
			);
			dependencies = (
				BD48DFBC2A72A915004EABC9 /* PBXTargetDependency */,
			);
			name = SC_personal_appTests;
			productName = SC_personal_appTests;
			productReference = BD48DFBA2A72A915004EABC9 /* SC_personal_appTests.xctest */;
			productType = "com.apple.product-type.bundle.unit-test";
		};
		BD48DFC32A72A915004EABC9 /* SC_personal_appUITests */ = {
			isa = PBXNativeTarget;
			buildConfigurationList = BD48DFD42A72A915004EABC9 /* Build configuration list for PBXNativeTarget "SC_personal_appUITests" */;
			buildPhases = (
				BD48DFC02A72A915004EABC9 /* Sources */,
				BD48DFC12A72A915004EABC9 /* Frameworks */,
				BD48DFC22A72A915004EABC9 /* Resources */,
			);
			buildRules = (
			);
			dependencies = (
				BD48DFC62A72A915004EABC9 /* PBXTargetDependency */,
			);
			name = SC_personal_appUITests;
			productName = SC_personal_appUITests;
			productReference = BD48DFC42A72A915004EABC9 /* SC_personal_appUITests.xctest */;
			productType = "com.apple.product-type.bundle.ui-testing";
		};
/* End PBXNativeTarget section */

/* Begin PBXProject section */
		BD48DFA12A72A914004EABC9 /* Project object */ = {
			isa = PBXProject;
			attributes = {
				BuildIndependentTargetsInParallel = 1;
				LastSwiftUpdateCheck = 1430;
				LastUpgradeCheck = 1430;
				TargetAttributes = {
					BD48DFA82A72A914004EABC9 = {
						CreatedOnToolsVersion = 14.3.1;
					};
					BD48DFB92A72A915004EABC9 = {
						CreatedOnToolsVersion = 14.3.1;
						TestTargetID = BD48DFA82A72A914004EABC9;
					};
					BD48DFC32A72A915004EABC9 = {
						CreatedOnToolsVersion = 14.3.1;
						TestTargetID = BD48DFA82A72A914004EABC9;
					};
				};
			};
			buildConfigurationList = BD48DFA42A72A914004EABC9 /* Build configuration list for PBXProject "SC_personal_app" */;
			compatibilityVersion = "Xcode 14.0";
			developmentRegion = en;
			hasScannedForEncodings = 0;
			knownRegions = (
				en,
				Base,
			);
			mainGroup = BD48DFA02A72A914004EABC9;
			productRefGroup = BD48DFAA2A72A914004EABC9 /* Products */;
			projectDirPath = "";
			projectRoot = "";
			targets = (
				BD48DFA82A72A914004EABC9 /* SC_personal_app */,
				BD48DFB92A72A915004EABC9 /* SC_personal_appTests */,
				BD48DFC32A72A915004EABC9 /* SC_personal_appUITests */,
			);
		};
/* End PBXProject section */

/* Begin PBXResourcesBuildPhase section */
		BD48DFA72A72A914004EABC9 /* Resources */ = {
			isa = PBXResourcesBuildPhase;
			buildActionMask = 2147483647;
			files = (
				BD48DFB52A72A915004EABC9 /* Preview Assets.xcassets in Resources */,
				BD48DFB12A72A915004EABC9 /* Assets.xcassets in Resources */,
			);
			runOnlyForDeploymentPostprocessing = 0;
		};
		BD48DFB82A72A915004EABC9 /* Resources */ = {
			isa = PBXResourcesBuildPhase;
			buildActionMask = 2147483647;
			files = (
			);
			runOnlyForDeploymentPostprocessing = 0;
		};
		BD48DFC22A72A915004EABC9 /* Resources */ = {
			isa = PBXResourcesBuildPhase;
			buildActionMask = 2147483647;
			files = (
			);
			runOnlyForDeploymentPostprocessing = 0;
		};
/* End PBXResourcesBuildPhase section */

/* Begin PBXSourcesBuildPhase section */
		BD48DFA52A72A914004EABC9 /* Sources */ = {
			isa = PBXSourcesBuildPhase;
			buildActionMask = 2147483647;
			files = (
				BD48DFAF2A72A914004EABC9 /* ContentView.swift in Sources */,
				BD48DFAD2A72A914004EABC9 /* SC_personal_appApp.swift in Sources */,
			);
			runOnlyForDeploymentPostprocessing = 0;
		};
		BD48DFB62A72A915004EABC9 /* Sources */ = {
			isa = PBXSourcesBuildPhase;
			buildActionMask = 2147483647;
			files = (
				BD48DFBF2A72A915004EABC9 /* SC_personal_appTests.swift in Sources */,
			);
			runOnlyForDeploymentPostprocessing = 0;
		};
		BD48DFC02A72A915004EABC9 /* Sources */ = {
			isa = PBXSourcesBuildPhase;
			buildActionMask = 2147483647;
			files = (
				BD48DFCB2A72A915004EABC9 /* SC_personal_appUITestsLaunchTests.swift in Sources */,
				BD48DFC92A72A915004EABC9 /* SC_personal_appUITests.swift in Sources */,
			);
			runOnlyForDeploymentPostprocessing = 0;
		};
/* End PBXSourcesBuildPhase section */

/* Begin PBXTargetDependency section */
		BD48DFBC2A72A915004EABC9 /* PBXTargetDependency */ = {
			isa = PBXTargetDependency;
			target = BD48DFA82A72A914004EABC9 /* SC_personal_app */;
			targetProxy = BD48DFBB2A72A915004EABC9 /* PBXContainerItemProxy */;
		};
		BD48DFC62A72A915004EABC9 /* PBXTargetDependency */ = {
			isa = PBXTargetDependency;
			target = BD48DFA82A72A914004EABC9 /* SC_personal_app */;
			targetProxy = BD48DFC52A72A915004EABC9 /* PBXContainerItemProxy */;
		};
/* End PBXTargetDependency section */

/* Begin XCBuildConfiguration section */
		BD48DFCC2A72A915004EABC9 /* Debug */ = {
			isa = XCBuildConfiguration;
			buildSettings = {
				ALWAYS_SEARCH_USER_PATHS = NO;
				CLANG_ANALYZER_NONNULL = YES;
				CLANG_ANALYZER_NUMBER_OBJECT_CONVERSION = YES_AGGRESSIVE;
				CLANG_CXX_LANGUAGE_STANDARD = "gnu++20";
				CLANG_ENABLE_MODULES = YES;
				CLANG_ENABLE_OBJC_ARC = YES;
				CLANG_ENABLE_OBJC_WEAK = YES;
				CLANG_WARN_BLOCK_CAPTURE_AUTORELEASING = YES;
				CLANG_WARN_BOOL_CONVERSION = YES;
				CLANG_WARN_COMMA = YES;
				CLANG_WARN_CONSTANT_CONVERSION = YES;
				CLANG_WARN_DEPRECATED_OBJC_IMPLEMENTATIONS = YES;
				CLANG_WARN_DIRECT_OBJC_ISA_USAGE = YES_ERROR;
				CLANG_WARN_DOCUMENTATION_COMMENTS = YES;
				CLANG_WARN_EMPTY_BODY = YES;
				CLANG_WARN_ENUM_CONVERSION = YES;
				CLANG_WARN_INFINITE_RECURSION = YES;
				CLANG_WARN_INT_CONVERSION = YES;
				CLANG_WARN_NON_LITERAL_NULL_CONVERSION = YES;
				CLANG_WARN_OBJC_IMPLICIT_RETAIN_SELF = YES;
				CLANG_WARN_OBJC_LITERAL_CONVERSION = YES;
				CLANG_WARN_OBJC_ROOT_CLASS = YES_ERROR;
				CLANG_WARN_QUOTED_INCLUDE_IN_FRAMEWORK_HEADER = YES;
				CLANG_WARN_RANGE_LOOP_ANALYSIS = YES;
				CLANG_WARN_STRICT_PROTOTYPES = YES;
				CLANG_WARN_SUSPICIOUS_MOVE = YES;
				CLANG_WARN_UNGUARDED_AVAILABILITY = YES_AGGRESSIVE;
				CLANG_WARN_UNREACHABLE_CODE = YES;
				CLANG_WARN__DUPLICATE_METHOD_MATCH = YES;
				COPY_PHASE_STRIP = NO;
				DEBUG_INFORMATION_FORMAT = dwarf;
				ENABLE_STRICT_OBJC_MSGSEND = YES;
				ENABLE_TESTABILITY = YES;
				GCC_C_LANGUAGE_STANDARD = gnu11;
				GCC_DYNAMIC_NO_PIC = NO;
				GCC_NO_COMMON_BLOCKS = YES;
				GCC_OPTIMIZATION_LEVEL = 0;
				GCC_PREPROCESSOR_DEFINITIONS = (
					"DEBUG=1",
					"$(inherited)",
				);
				GCC_WARN_64_TO_32_BIT_CONVERSION = YES;
				GCC_WARN_ABOUT_RETURN_TYPE = YES_ERROR;
				GCC_WARN_UNDECLARED_SELECTOR = YES;
				GCC_WARN_UNINITIALIZED_AUTOS = YES_AGGRESSIVE;
				GCC_WARN_UNUSED_FUNCTION = YES;
				GCC_WARN_UNUSED_VARIABLE = YES;
				MTL_ENABLE_DEBUG_INFO = INCLUDE_SOURCE;
				MTL_FAST_MATH = YES;
				ONLY_ACTIVE_ARCH = YES;
				SWIFT_ACTIVE_COMPILATION_CONDITIONS = DEBUG;
				SWIFT_OPTIMIZATION_LEVEL = "-Onone";
			};
			name = Debug;
		};
		BD48DFCD2A72A915004EABC9 /* Release */ = {
			isa = XCBuildConfiguration;
			buildSettings = {
				ALWAYS_SEARCH_USER_PATHS = NO;
				CLANG_ANALYZER_NONNULL = YES;
				CLANG_ANALYZER_NUMBER_OBJECT_CONVERSION = YES_AGGRESSIVE;
				CLANG_CXX_LANGUAGE_STANDARD = "gnu++20";
				CLANG_ENABLE_MODULES = YES;
				CLANG_ENABLE_OBJC_ARC = YES;
				CLANG_ENABLE_OBJC_WEAK = YES;
				CLANG_WARN_BLOCK_CAPTURE_AUTORELEASING = YES;
				CLANG_WARN_BOOL_CONVERSION = YES;
				CLANG_WARN_COMMA = YES;
				CLANG_WARN_CONSTANT_CONVERSION = YES;
				CLANG_WARN_DEPRECATED_OBJC_IMPLEMENTATIONS = YES;
				CLANG_WARN_DIRECT_OBJC_ISA_USAGE = YES_ERROR;
				CLANG_WARN_DOCUMENTATION_COMMENTS = YES;
				CLANG_WARN_EMPTY_BODY = YES;
				CLANG_WARN_ENUM_CONVERSION = YES;
				CLANG_WARN_INFINITE_RECURSION = YES;
				CLANG_WARN_INT_CONVERSION = YES;
				CLANG_WARN_NON_LITERAL_NULL_CONVERSION = YES;
				CLANG_WARN_OBJC_IMPLICIT_RETAIN_SELF = YES;
				CLANG_WARN_OBJC_LITERAL_CONVERSION = YES;
				CLANG_WARN_OBJC_ROOT_CLASS = YES_ERROR;
				CLANG_WARN_QUOTED_INCLUDE_IN_FRAMEWORK_HEADER = YES;
				CLANG_WARN_RANGE_LOOP_ANALYSIS = YES;
				CLANG_WARN_STRICT_PROTOTYPES = YES;
				CLANG_WARN_SUSPICIOUS_MOVE = YES;
				CLANG_WARN_UNGUARDED_AVAILABILITY = YES_AGGRESSIVE;
				CLANG_WARN_UNREACHABLE_CODE = YES;
				CLANG_WARN__DUPLICATE_METHOD_MATCH = YES;
				COPY_PHASE_STRIP = NO;
				DEBUG_INFORMATION_FORMAT = "dwarf-with-dsym";
				ENABLE_NS_ASSERTIONS = NO;
				ENABLE_STRICT_OBJC_MSGSEND = YES;
				GCC_C_LANGUAGE_STANDARD = gnu11;
				GCC_NO_COMMON_BLOCKS = YES;
				GCC_WARN_64_TO_32_BIT_CONVERSION = YES;
				GCC_WARN_ABOUT_RETURN_TYPE = YES_ERROR;
				GCC_WARN_UNDECLARED_SELECTOR = YES;
				GCC_WARN_UNINITIALIZED_AUTOS = YES_AGGRESSIVE;
				GCC_WARN_UNUSED_FUNCTION = YES;
				GCC_WARN_UNUSED_VARIABLE = YES;
				MTL_ENABLE_DEBUG_INFO = NO;
				MTL_FAST_MATH = YES;
				SWIFT_COMPILATION_MODE = wholemodule;
				SWIFT_OPTIMIZATION_LEVEL = "-O";
			};
			name = Release;
		};
		BD48DFCF2A72A915004EABC9 /* Debug */ = {
			isa = XCBuildConfiguration;
			buildSettings = {
				ASSETCATALOG_COMPILER_APPICON_NAME = AppIcon;
				ASSETCATALOG_COMPILER_GLOBAL_ACCENT_COLOR_NAME = AccentColor;
				CODE_SIGN_ENTITLEMENTS = SC_personal_app/SC_personal_app.entitlements;
				CODE_SIGN_STYLE = Automatic;
				CURRENT_PROJECT_VERSION = 1;
				DEVELOPMENT_ASSET_PATHS = "\"SC_personal_app/Preview Content\"";
				ENABLE_PREVIEWS = YES;
				GENERATE_INFOPLIST_FILE = YES;
				"INFOPLIST_KEY_UIApplicationSceneManifest_Generation[sdk=iphoneos*]" = YES;
				"INFOPLIST_KEY_UIApplicationSceneManifest_Generation[sdk=iphonesimulator*]" = YES;
				"INFOPLIST_KEY_UIApplicationSupportsIndirectInputEvents[sdk=iphoneos*]" = YES;
				"INFOPLIST_KEY_UIApplicationSupportsIndirectInputEvents[sdk=iphonesimulator*]" = YES;
				"INFOPLIST_KEY_UILaunchScreen_Generation[sdk=iphoneos*]" = YES;
				"INFOPLIST_KEY_UILaunchScreen_Generation[sdk=iphonesimulator*]" = YES;
				"INFOPLIST_KEY_UIStatusBarStyle[sdk=iphoneos*]" = UIStatusBarStyleDefault;
				"INFOPLIST_KEY_UIStatusBarStyle[sdk=iphonesimulator*]" = UIStatusBarStyleDefault;
				INFOPLIST_KEY_UISupportedInterfaceOrientations_iPad = "UIInterfaceOrientationPortrait UIInterfaceOrientationPortraitUpsideDown UIInterfaceOrientationLandscapeLeft UIInterfaceOrientationLandscapeRight";
				INFOPLIST_KEY_UISupportedInterfaceOrientations_iPhone = "UIInterfaceOrientationPortrait UIInterfaceOrientationLandscapeLeft UIInterfaceOrientationLandscapeRight";
				IPHONEOS_DEPLOYMENT_TARGET = 16.4;
				LD_RUNPATH_SEARCH_PATHS = "@executable_path/Frameworks";
				"LD_RUNPATH_SEARCH_PATHS[sdk=macosx*]" = "@executable_path/../Frameworks";
				MACOSX_DEPLOYMENT_TARGET = 13.3;
				MARKETING_VERSION = 1.0;
				PRODUCT_BUNDLE_IDENTIFIER = "KWK.SC-personal-app";
				PRODUCT_NAME = "$(TARGET_NAME)";
				SDKROOT = auto;
				SUPPORTED_PLATFORMS = "iphoneos iphonesimulator macosx";
				SWIFT_EMIT_LOC_STRINGS = YES;
				SWIFT_VERSION = 5.0;
				TARGETED_DEVICE_FAMILY = "1,2";
			};
			name = Debug;
		};
		BD48DFD02A72A915004EABC9 /* Release */ = {
			isa = XCBuildConfiguration;
			buildSettings = {
				ASSETCATALOG_COMPILER_APPICON_NAME = AppIcon;
				ASSETCATALOG_COMPILER_GLOBAL_ACCENT_COLOR_NAME = AccentColor;
				CODE_SIGN_ENTITLEMENTS = SC_personal_app/SC_personal_app.entitlements;
				CODE_SIGN_STYLE = Automatic;
				CURRENT_PROJECT_VERSION = 1;
				DEVELOPMENT_ASSET_PATHS = "\"SC_personal_app/Preview Content\"";
				ENABLE_PREVIEWS = YES;
				GENERATE_INFOPLIST_FILE = YES;
				"INFOPLIST_KEY_UIApplicationSceneManifest_Generation[sdk=iphoneos*]" = YES;
				"INFOPLIST_KEY_UIApplicationSceneManifest_Generation[sdk=iphonesimulator*]" = YES;
				"INFOPLIST_KEY_UIApplicationSupportsIndirectInputEvents[sdk=iphoneos*]" = YES;
				"INFOPLIST_KEY_UIApplicationSupportsIndirectInputEvents[sdk=iphonesimulator*]" = YES;
				"INFOPLIST_KEY_UILaunchScreen_Generation[sdk=iphoneos*]" = YES;
				"INFOPLIST_KEY_UILaunchScreen_Generation[sdk=iphonesimulator*]" = YES;
				"INFOPLIST_KEY_UIStatusBarStyle[sdk=iphoneos*]" = UIStatusBarStyleDefault;
				"INFOPLIST_KEY_UIStatusBarStyle[sdk=iphonesimulator*]" = UIStatusBarStyleDefault;
				INFOPLIST_KEY_UISupportedInterfaceOrientations_iPad = "UIInterfaceOrientationPortrait UIInterfaceOrientationPortraitUpsideDown UIInterfaceOrientationLandscapeLeft UIInterfaceOrientationLandscapeRight";
				INFOPLIST_KEY_UISupportedInterfaceOrientations_iPhone = "UIInterfaceOrientationPortrait UIInterfaceOrientationLandscapeLeft UIInterfaceOrientationLandscapeRight";
				IPHONEOS_DEPLOYMENT_TARGET = 16.4;
				LD_RUNPATH_SEARCH_PATHS = "@executable_path/Frameworks";
				"LD_RUNPATH_SEARCH_PATHS[sdk=macosx*]" = "@executable_path/../Frameworks";
				MACOSX_DEPLOYMENT_TARGET = 13.3;
				MARKETING_VERSION = 1.0;
				PRODUCT_BUNDLE_IDENTIFIER = "KWK.SC-personal-app";
				PRODUCT_NAME = "$(TARGET_NAME)";
				SDKROOT = auto;
				SUPPORTED_PLATFORMS = "iphoneos iphonesimulator macosx";
				SWIFT_EMIT_LOC_STRINGS = YES;
				SWIFT_VERSION = 5.0;
				TARGETED_DEVICE_FAMILY = "1,2";
			};
			name = Release;
		};
		BD48DFD22A72A915004EABC9 /* Debug */ = {
			isa = XCBuildConfiguration;
			buildSettings = {
				ALWAYS_EMBED_SWIFT_STANDARD_LIBRARIES = YES;
				BUNDLE_LOADER = "$(TEST_HOST)";
				CODE_SIGN_STYLE = Automatic;
				CURRENT_PROJECT_VERSION = 1;
				GENERATE_INFOPLIST_FILE = YES;
				IPHONEOS_DEPLOYMENT_TARGET = 16.4;
				MACOSX_DEPLOYMENT_TARGET = 13.3;
				MARKETING_VERSION = 1.0;
				PRODUCT_BUNDLE_IDENTIFIER = "KWK.SC-personal-appTests";
				PRODUCT_NAME = "$(TARGET_NAME)";
				SDKROOT = auto;
				SUPPORTED_PLATFORMS = "iphoneos iphonesimulator macosx";
				SWIFT_EMIT_LOC_STRINGS = NO;
				SWIFT_VERSION = 5.0;
				TARGETED_DEVICE_FAMILY = "1,2";
				TEST_HOST = "$(BUILT_PRODUCTS_DIR)/SC_personal_app.app/$(BUNDLE_EXECUTABLE_FOLDER_PATH)/SC_personal_app";
			};
			name = Debug;
		};
		BD48DFD32A72A915004EABC9 /* Release */ = {
			isa = XCBuildConfiguration;
			buildSettings = {
				ALWAYS_EMBED_SWIFT_STANDARD_LIBRARIES = YES;
				BUNDLE_LOADER = "$(TEST_HOST)";
				CODE_SIGN_STYLE = Automatic;
				CURRENT_PROJECT_VERSION = 1;
				GENERATE_INFOPLIST_FILE = YES;
				IPHONEOS_DEPLOYMENT_TARGET = 16.4;
				MACOSX_DEPLOYMENT_TARGET = 13.3;
				MARKETING_VERSION = 1.0;
				PRODUCT_BUNDLE_IDENTIFIER = "KWK.SC-personal-appTests";
				PRODUCT_NAME = "$(TARGET_NAME)";
				SDKROOT = auto;
				SUPPORTED_PLATFORMS = "iphoneos iphonesimulator macosx";
				SWIFT_EMIT_LOC_STRINGS = NO;
				SWIFT_VERSION = 5.0;
				TARGETED_DEVICE_FAMILY = "1,2";
				TEST_HOST = "$(BUILT_PRODUCTS_DIR)/SC_personal_app.app/$(BUNDLE_EXECUTABLE_FOLDER_PATH)/SC_personal_app";
			};
			name = Release;
		};
		BD48DFD52A72A915004EABC9 /* Debug */ = {
			isa = XCBuildConfiguration;
			buildSettings = {
				ALWAYS_EMBED_SWIFT_STANDARD_LIBRARIES = YES;
				CODE_SIGN_STYLE = Automatic;
				CURRENT_PROJECT_VERSION = 1;
				GENERATE_INFOPLIST_FILE = YES;
				IPHONEOS_DEPLOYMENT_TARGET = 16.4;
				MACOSX_DEPLOYMENT_TARGET = 13.3;
				MARKETING_VERSION = 1.0;
				PRODUCT_BUNDLE_IDENTIFIER = "KWK.SC-personal-appUITests";
				PRODUCT_NAME = "$(TARGET_NAME)";
				SDKROOT = auto;
				SUPPORTED_PLATFORMS = "iphoneos iphonesimulator macosx";
				SWIFT_EMIT_LOC_STRINGS = NO;
				SWIFT_VERSION = 5.0;
				TARGETED_DEVICE_FAMILY = "1,2";
				TEST_TARGET_NAME = SC_personal_app;
			};
			name = Debug;
		};
		BD48DFD62A72A915004EABC9 /* Release */ = {
			isa = XCBuildConfiguration;
			buildSettings = {
				ALWAYS_EMBED_SWIFT_STANDARD_LIBRARIES = YES;
				CODE_SIGN_STYLE = Automatic;
				CURRENT_PROJECT_VERSION = 1;
				GENERATE_INFOPLIST_FILE = YES;
				IPHONEOS_DEPLOYMENT_TARGET = 16.4;
				MACOSX_DEPLOYMENT_TARGET = 13.3;
				MARKETING_VERSION = 1.0;
				PRODUCT_BUNDLE_IDENTIFIER = "KWK.SC-personal-appUITests";
				PRODUCT_NAME = "$(TARGET_NAME)";
				SDKROOT = auto;
				SUPPORTED_PLATFORMS = "iphoneos iphonesimulator macosx";
				SWIFT_EMIT_LOC_STRINGS = NO;
				SWIFT_VERSION = 5.0;
				TARGETED_DEVICE_FAMILY = "1,2";
				TEST_TARGET_NAME = SC_personal_app;
			};
			name = Release;
		};
/* End XCBuildConfiguration section */

/* Begin XCConfigurationList section */
		BD48DFA42A72A914004EABC9 /* Build configuration list for PBXProject "SC_personal_app" */ = {
			isa = XCConfigurationList;
			buildConfigurations = (
				BD48DFCC2A72A915004EABC9 /* Debug */,
				BD48DFCD2A72A915004EABC9 /* Release */,
			);
			defaultConfigurationIsVisible = 0;
			defaultConfigurationName = Release;
		};
		BD48DFCE2A72A915004EABC9 /* Build configuration list for PBXNativeTarget "SC_personal_app" */ = {
			isa = XCConfigurationList;
			buildConfigurations = (
				BD48DFCF2A72A915004EABC9 /* Debug */,
				BD48DFD02A72A915004EABC9 /* Release */,
			);
			defaultConfigurationIsVisible = 0;
			defaultConfigurationName = Release;
		};
		BD48DFD12A72A915004EABC9 /* Build configuration list for PBXNativeTarget "SC_personal_appTests" */ = {
			isa = XCConfigurationList;
			buildConfigurations = (
				BD48DFD22A72A915004EABC9 /* Debug */,
				BD48DFD32A72A915004EABC9 /* Release */,
			);
			defaultConfigurationIsVisible = 0;
			defaultConfigurationName = Release;
		};
		BD48DFD42A72A915004EABC9 /* Build configuration list for PBXNativeTarget "SC_personal_appUITests" */ = {
			isa = XCConfigurationList;
			buildConfigurations = (
				BD48DFD52A72A915004EABC9 /* Debug */,
				BD48DFD62A72A915004EABC9 /* Release */,
			);
			defaultConfigurationIsVisible = 0;
			defaultConfigurationName = Release;
		};
/* End XCConfigurationList section */
	};
	rootObject = BD48DFA12A72A914004EABC9 /* Project object */;
}
